{
  "name": "rdm-str-phraser",
  "version": "1.0.0",
  "lockfileVersion": 3,
  "requires": true,
  "packages": {
    "": {
      "name": "rdm-str-phraser",
      "version": "1.0.0",
      "license": "MIT",
      "dependencies": {
        "rdm-str-phraser": "^1.0.0"
      },
      "bin": {
        "rmd-str-phraser": "bin/global.js"
      }
    },
    "node_modules/rdm-str-phraser": {
      "version": "1.0.0",
      "resolved": "https://registry.npmjs.org/rdm-str-phraser/-/rdm-str-phraser-1.0.0.tgz",
      "integrity": "sha512-1/q93QM4h1oIpuczUCHjLhLHGm4qayKJmrN4+aFrJjsOALjbJwsdP+SqtkvmI3gj7TFKF29UccLH+5dZ4Yux6g==",
      "license": "MIT",
      "bin": {
        "rmd-str-phraser": "bin/global.js"
      }
    }
  }
}
